
Microsoft Visual Studio Solution File, Format Version 12.00
# Visual Studio Version 17
VisualStudioVersion = 17.0.32112.339
MinimumVisualStudioVersion = 10.0.40219.1
Project("{FAE04EC0-301F-11D3-BF4B-00C04F79EFBC}") = "SignalrProject", "SignalrProject.csproj", "{507FADC5-9687-49E8-B8D7-E8344E12EC3F}"
EndProject
Global
	GlobalSection(SolutionConfigurationPlatforms) = preSolution
		Debug|Any CPU = Debug|Any CPU
		Release|Any CPU = Release|Any CPU
	EndGlobalSection
	GlobalSection(ProjectConfigurationPlatforms) = postSolution
		{507FADC5-9687-49E8-B8D7-E8344E12EC3F}.Debug|Any CPU.ActiveCfg = Debug|Any CPU
		{507FADC5-9687-49E8-B8D7-E8344E12EC3F}.Debug|Any CPU.Build.0 = Debug|Any CPU
		{507FADC5-9687-49E8-B8D7-E8344E12EC3F}.Release|Any CPU.ActiveCfg = Release|Any CPU
		{507FADC5-9687-49E8-B8D7-E8344E12EC3F}.Release|Any CPU.Build.0 = Release|Any CPU
	EndGlobalSection
	GlobalSection(SolutionProperties) = preSolution
		HideSolutionNode = FALSE
	EndGlobalSection
	GlobalSection(ExtensibilityGlobals) = postSolution
		SolutionGuid = {EF60251B-BBF2-41D8-AE20-83F12F74F1E9}
	EndGlobalSection
EndGlobal
